
Microsoft Visual Studio Solution File, Format Version 12.00
# Visual Studio 15
VisualStudioVersion = 15.0.27130.2027
MinimumVisualStudioVersion = 10.0.40219.1
Project("{FAE04EC0-301F-11D3-BF4B-00C04F79EFBC}") = "DbMultiTool", "DbMultiTool\DbMultiTool.csproj", "{89C31296-F247-45E9-BBAE-30E24359EF9B}"
EndProject
Project("{FAE04EC0-301F-11D3-BF4B-00C04F79EFBC}") = "WindowsFormsApp1", "WindowsFormsApp1\WindowsFormsApp1.csproj", "{2DFB93EA-B3B5-476C-8D2E-3FD8F60BD84E}"
EndProject
Global
	GlobalSection(SolutionConfigurationPlatforms) = preSolution
		Debug|Any CPU = Debug|Any CPU
		Release|Any CPU = Release|Any CPU
	EndGlobalSection
	GlobalSection(ProjectConfigurationPlatforms) = postSolution
		{89C31296-F247-45E9-BBAE-30E24359EF9B}.Debug|Any CPU.ActiveCfg = Debug|Any CPU
		{89C31296-F247-45E9-BBAE-30E24359EF9B}.Debug|Any CPU.Build.0 = Debug|Any CPU
		{89C31296-F247-45E9-BBAE-30E24359EF9B}.Release|Any CPU.ActiveCfg = Release|Any CPU
		{89C31296-F247-45E9-BBAE-30E24359EF9B}.Release|Any CPU.Build.0 = Release|Any CPU
		{2DFB93EA-B3B5-476C-8D2E-3FD8F60BD84E}.Debug|Any CPU.ActiveCfg = Debug|Any CPU
		{2DFB93EA-B3B5-476C-8D2E-3FD8F60BD84E}.Debug|Any CPU.Build.0 = Debug|Any CPU
		{2DFB93EA-B3B5-476C-8D2E-3FD8F60BD84E}.Release|Any CPU.ActiveCfg = Release|Any CPU
		{2DFB93EA-B3B5-476C-8D2E-3FD8F60BD84E}.Release|Any CPU.Build.0 = Release|Any CPU
	EndGlobalSection
	GlobalSection(SolutionProperties) = preSolution
		HideSolutionNode = FALSE
	EndGlobalSection
	GlobalSection(ExtensibilityGlobals) = postSolution
		SolutionGuid = {5956472F-A2FF-495F-9656-5EBAB2AD3032}
	EndGlobalSection
EndGlobal
